
Microsoft Visual Studio Solution File, Format Version 12.00
# Visual Studio Version 16
VisualStudioVersion = 16.0.30804.86
MinimumVisualStudioVersion = 10.0.40219.1
Project("{9A19103F-16F7-4668-BE54-9A1E7A4F7556}") = "MMYBWebService.Web", "MMYBWebService.Web\MMYBWebService.Web.csproj", "{BE7B97C0-4186-4F0E-A1CA-49F80A694446}"
EndProject
Project("{FAE04EC0-301F-11D3-BF4B-00C04F79EFBC}") = "MMYBWebService.WS", "MMYBWebService.WS\MMYBWebService.WS.csproj", "{A0CAD040-B375-4DBF-A17D-6FCE2220B210}"
EndProject
Global
	GlobalSection(SolutionConfigurationPlatforms) = preSolution
		Debug|Any CPU = Debug|Any CPU
		Release|Any CPU = Release|Any CPU
	EndGlobalSection
	GlobalSection(ProjectConfigurationPlatforms) = postSolution
		{BE7B97C0-4186-4F0E-A1CA-49F80A694446}.Debug|Any CPU.ActiveCfg = Debug|Any CPU
		{BE7B97C0-4186-4F0E-A1CA-49F80A694446}.Debug|Any CPU.Build.0 = Debug|Any CPU
		{BE7B97C0-4186-4F0E-A1CA-49F80A694446}.Release|Any CPU.ActiveCfg = Release|Any CPU
		{BE7B97C0-4186-4F0E-A1CA-49F80A694446}.Release|Any CPU.Build.0 = Release|Any CPU
		{A0CAD040-B375-4DBF-A17D-6FCE2220B210}.Debug|Any CPU.ActiveCfg = Debug|Any CPU
		{A0CAD040-B375-4DBF-A17D-6FCE2220B210}.Debug|Any CPU.Build.0 = Debug|Any CPU
		{A0CAD040-B375-4DBF-A17D-6FCE2220B210}.Release|Any CPU.ActiveCfg = Release|Any CPU
		{A0CAD040-B375-4DBF-A17D-6FCE2220B210}.Release|Any CPU.Build.0 = Release|Any CPU
	EndGlobalSection
	GlobalSection(SolutionProperties) = preSolution
		HideSolutionNode = FALSE
	EndGlobalSection
	GlobalSection(ExtensibilityGlobals) = postSolution
		SolutionGuid = {F413C872-0EE3-4C7C-B60F-A7E5E01B0B7D}
	EndGlobalSection
EndGlobal
